
Microsoft Visual Studio Solution File, Format Version 12.00
# Visual Studio 15
VisualStudioVersion = 15.0.28307.539
MinimumVisualStudioVersion = 10.0.40219.1
Project("{FAE04EC0-301F-11D3-BF4B-00C04F79EFBC}") = "PharmacyMain", "PharmacyMain\PharmacyMain.csproj", "{3BB3677C-EBAC-4418-AB52-69AAD4886493}"
EndProject
Project("{FAE04EC0-301F-11D3-BF4B-00C04F79EFBC}") = "PharmacyCore", "PharmacyCore\PharmacyCore.csproj", "{856D1D66-AA62-466B-A217-A4E63CD7C147}"
EndProject
Global
	GlobalSection(SolutionConfigurationPlatforms) = preSolution
		Debug|Any CPU = Debug|Any CPU
		Release|Any CPU = Release|Any CPU
	EndGlobalSection
	GlobalSection(ProjectConfigurationPlatforms) = postSolution
		{3BB3677C-EBAC-4418-AB52-69AAD4886493}.Debug|Any CPU.ActiveCfg = Debug|Any CPU
		{3BB3677C-EBAC-4418-AB52-69AAD4886493}.Debug|Any CPU.Build.0 = Debug|Any CPU
		{3BB3677C-EBAC-4418-AB52-69AAD4886493}.Release|Any CPU.ActiveCfg = Release|Any CPU
		{3BB3677C-EBAC-4418-AB52-69AAD4886493}.Release|Any CPU.Build.0 = Release|Any CPU
		{856D1D66-AA62-466B-A217-A4E63CD7C147}.Debug|Any CPU.ActiveCfg = Debug|Any CPU
		{856D1D66-AA62-466B-A217-A4E63CD7C147}.Debug|Any CPU.Build.0 = Debug|Any CPU
		{856D1D66-AA62-466B-A217-A4E63CD7C147}.Release|Any CPU.ActiveCfg = Release|Any CPU
		{856D1D66-AA62-466B-A217-A4E63CD7C147}.Release|Any CPU.Build.0 = Release|Any CPU
	EndGlobalSection
	GlobalSection(SolutionProperties) = preSolution
		HideSolutionNode = FALSE
	EndGlobalSection
	GlobalSection(ExtensibilityGlobals) = postSolution
		SolutionGuid = {950F619E-5FD9-4F38-9EDF-928EFD44B836}
	EndGlobalSection
EndGlobal
